github.com/aidarkhanov/nanoid v1.0.8 h1:yxyJkgsEDFXP7+97vc6JevMcjyb03Zw+/9fqhlVXBXA=
github.com/aidarkhanov/nanoid v1.0.8/go.mod h1:vadfZHT+m4uDhttg0yY4wW3GKtl2T6i4d2Age+45pYk=
github.com/andybalholm/brotli v1.0.5 h1:8uQZIdzKmjc/iuPu7O2ioW48L81FgatrcpfFmiq/cCs=
github.com/andybalholm/brotli v1.0.5/go.mod h1:fO7iG3H7G2nSZ7m0zPUDn85XEX2GTukHGRSepvi9Eig=
github.com/klauspost/compress v1.17.0 h1:Rnbp4K9EjcDuVuHtd0dgA4qNuv9yKDYKK1ulpJwgrqM=
github.com/klauspost/compress v1.17.0/go.mod h1:ntbaceVETuRiXiv4DpjP66DpAtAGkEQskQzEyD//IeE=
github.com/nuclio/logger v0.0.1 h1:e+vT/Ug65RC+u0QX2J+lq3P57ZBwJ1ZA6Q2LCEcViwE=
github.com/nuclio/logger v0.0.1/go.mod h1:ttazNAqTxKjQ7XrGDZxecumGa9KCIuJh88gzFY1mRXo=
github.com/nuclio/nuclio-sdk-go v0.5.1 h1:+FVeE9siHf4AQdkvRjO5yQ+Tugio9DHBtrZ9JGaSsYk=
github.com/nuclio/nuclio-sdk-go v0.5.1/go.mod h1:nJfISTlsf+blZKhIfmHDDrZupMjyRNnBl6tNM9qweAg=
github.com/valyala/bytebufferpool v1.0.0 h1:GqA5TC/0021Y/b9FG4Oi9Mr3q7XYx6KllzawFIhcdPw=
github.com/valyala/bytebufferpool v1.0.0/go.mod h1:6bBcMArwyJ5K/AmCkWv1jt77kVWyCJ6HpOuEn7z0Csc=
github.com/valyala/fasthttp v1.51.0 h1:8b30A5JlZ6C7AS81RsWjYMQmrZG6feChmgAolCl1SqA=
github.com/valyala/fasthttp v1.51.0/go.mod h1:oI2XroL+lI7vdXyYoQk03bXBThfFl2cVdIA3Xl7cH8g=
