github.com/aidarkhanov/nanoid v1.0.4/go.mod h1:KmU0bf9Ul0mF+fOTZ1oCoOEtJRUTf8PCFaO0HUY1Qso=
github.com/aidarkhanov/nanoid v1.0.8 h1:yxyJkgsEDFXP7+97vc6JevMcjyb03Zw+/9fqhlVXBXA=
github.com/aidarkhanov/nanoid v1.0.8/go.mod h1:vadfZHT+m4uDhttg0yY4wW3GKtl2T6i4d2Age+45pYk=
github.com/andybalholm/brotli v1.0.5 h1:8uQZIdzKmjc/iuPu7O2ioW48L81FgatrcpfFmiq/cCs=
github.com/andybalholm/brotli v1.0.5/go.mod h1:fO7iG3H7G2nSZ7m0zPUDn85XEX2GTukHGRSepvi9Eig=
github.com/klauspost/compress v1.16.7 h1:2mk3MPGNzKyxErAw8YaohYh69+pa4sIQSC0fPGCFR9I=
github.com/klauspost/compress v1.16.7/go.mod h1:ntbaceVETuRiXiv4DpjP66DpAtAGkEQskQzEyD//IeE=
github.com/klauspost/compress v1.17.0/go.mod h1:ntbaceVETuRiXiv4DpjP66DpAtAGkEQskQzEyD//IeE=
github.com/nuclio/logger v0.0.1 h1:e+vT/Ug65RC+u0QX2J+lq3P57ZBwJ1ZA6Q2LCEcViwE=
github.com/nuclio/logger v0.0.1/go.mod h1:ttazNAqTxKjQ7XrGDZxecumGa9KCIuJh88gzFY1mRXo=
github.com/nuclio/nuclio-sdk-go v0.0.0-20190501142538-2a54f51950d3/go.mod h1:NqMgotiF6Y0Ho4+i5AvJhH3FRKAyL4IMaMv/eoUOkKQ=
github.com/nuclio/nuclio-sdk-go v0.4.0 h1:43vhBpYsUXsxWGfF59ZDve3DMLuykryefH1Mmnie1jg=
github.com/nuclio/nuclio-sdk-go v0.4.0/go.mod h1:pB6nn4gF+tAHsmbPumuSR0LscUWIxNapFvGtP06w4wE=
github.com/nuclio/nuclio-sdk-go v0.5.1/go.mod h1:nJfISTlsf+blZKhIfmHDDrZupMjyRNnBl6tNM9qweAg=
github.com/valyala/bytebufferpool v1.0.0 h1:GqA5TC/0021Y/b9FG4Oi9Mr3q7XYx6KllzawFIhcdPw=
github.com/valyala/bytebufferpool v1.0.0/go.mod h1:6bBcMArwyJ5K/AmCkWv1jt77kVWyCJ6HpOuEn7z0Csc=
github.com/valyala/fasthttp v1.49.0 h1:9FdvCpmxB74LH4dPb7IJ1cOSsluR07XG3I1txXWwJpE=
github.com/valyala/fasthttp v1.49.0/go.mod h1:k2zXd82h/7UZc3VOdJ2WaUqt1uZ/XpXAfE9i+HBC3lA=
github.com/valyala/fasthttp v1.51.0/go.mod h1:oI2XroL+lI7vdXyYoQk03bXBThfFl2cVdIA3Xl7cH8g=
